<Solution>
  <Folder Name="/docs/">
    <File Path="ReserveInventory/docs/0001-separate-application-and-infrastructure-repositories.md" />
    <File Path="ReserveInventory/docs/0002-managed-identity-and-rbac.md" />
    <File Path="ReserveInventory/docs/0003-commands-on-queues-events-on-topics.md" />
    <File Path="ReserveInventory/docs/0004-build-once-promote-same-artifact.md" />
    <File Path="ReserveInventory/docs/0005-terraform-modules-and-ownership-boundaries.md" />
  </Folder>
  <Folder Name="/src/">
    <Project Path="ReserveInventory/Contoso.InventoryFunctions.csproj" />
  </Folder>
  <Folder Name="/tests/">
    <Project Path="ReserveInventory.NUnitTest/ReserveInventory.NUnitTest.csproj" />
  </Folder>
</Solution>
